
Microsoft Visual Studio Solution File, Format Version 12.00
# Visual Studio Version 17
VisualStudioVersion = 17.0.31710.8
MinimumVisualStudioVersion = 10.0.40219.1
Project("{FAE04EC0-301F-11D3-BF4B-00C04F79EFBC}") = "ExpandCollection", "DevPropertyGridControlExpandCollection\ExpandCollection.csproj", "{40B121AF-F977-4F3E-8568-56B1639395A9}"
EndProject
Global
	GlobalSection(SolutionConfigurationPlatforms) = preSolution
		Debug|Any CPU = Debug|Any CPU
		Release|Any CPU = Release|Any CPU
	EndGlobalSection
	GlobalSection(ProjectConfigurationPlatforms) = postSolution
		{40B121AF-F977-4F3E-8568-56B1639395A9}.Debug|Any CPU.ActiveCfg = Debug|Any CPU
		{40B121AF-F977-4F3E-8568-56B1639395A9}.Debug|Any CPU.Build.0 = Debug|Any CPU
		{40B121AF-F977-4F3E-8568-56B1639395A9}.Release|Any CPU.ActiveCfg = Release|Any CPU
		{40B121AF-F977-4F3E-8568-56B1639395A9}.Release|Any CPU.Build.0 = Release|Any CPU
	EndGlobalSection
	GlobalSection(SolutionProperties) = preSolution
		HideSolutionNode = FALSE
	EndGlobalSection
	GlobalSection(ExtensibilityGlobals) = postSolution
		SolutionGuid = {6B757CA1-2E31-4B97-971A-91D0AEB3ADA3}
	EndGlobalSection
EndGlobal
